// !$*UTF8*$!
{
	archiveVersion = 1;
	classes = {
	};
	objectVersion = 51;
	objects = {

/* Begin PBXBuildFile section */
		2ABC2EB7EAEC6A34CE429E0B /* Pods_Cragbook.framework in Frameworks */ = {isa = PBXBuildFile; fileRef = D6B5C346FD0C62E18C97CCDC /* Pods_Cragbook.framework */; };
		6333675425629119006350E0 /* Extensions.swift in Sources */ = {isa = PBXBuildFile; fileRef = 6333675325629119006350E0 /* Extensions.swift */; };
		6344826E256C1C2200C2E361 /* PhotoCollectionViewCell.swift in Sources */ = {isa = PBXBuildFile; fileRef = 6344826D256C1C2200C2E361 /* PhotoCollectionViewCell.swift */; };
		63448270256C1C9F00C2E361 /* ProfileInfoHeaderCollectionReusableView.swift in Sources */ = {isa = PBXBuildFile; fileRef = 6344826F256C1C9F00C2E361 /* ProfileInfoHeaderCollectionReusableView.swift */; };
		63448272256C1CD000C2E361 /* ProfileTabsCollectionReusableView.swift in Sources */ = {isa = PBXBuildFile; fileRef = 63448271256C1CD000C2E361 /* ProfileTabsCollectionReusableView.swift */; };
		635EA2E425682EBA00D8C1D9 /* IGFeedPostTableViewCell.swift in Sources */ = {isa = PBXBuildFile; fileRef = 635EA2E325682EBA00D8C1D9 /* IGFeedPostTableViewCell.swift */; };
		635EA2E62568383700D8C1D9 /* IGFeedPostHeaderTableViewCell.swift in Sources */ = {isa = PBXBuildFile; fileRef = 635EA2E52568383700D8C1D9 /* IGFeedPostHeaderTableViewCell.swift */; };
		635EA2EA2568385B00D8C1D9 /* IGFeedPostActionsTableViewCell.swift in Sources */ = {isa = PBXBuildFile; fileRef = 635EA2E92568385B00D8C1D9 /* IGFeedPostActionsTableViewCell.swift */; };
		635EA2EC2568387000D8C1D9 /* IGFeedPostGeneralTableViewCell.swift in Sources */ = {isa = PBXBuildFile; fileRef = 635EA2EB2568387000D8C1D9 /* IGFeedPostGeneralTableViewCell.swift */; };
		63832F4425611423009A66CD /* AppDelegate.swift in Sources */ = {isa = PBXBuildFile; fileRef = 63832F4325611423009A66CD /* AppDelegate.swift */; };
		63832F4625611423009A66CD /* SceneDelegate.swift in Sources */ = {isa = PBXBuildFile; fileRef = 63832F4525611423009A66CD /* SceneDelegate.swift */; };
		63832F4825611423009A66CD /* HomeViewController.swift in Sources */ = {isa = PBXBuildFile; fileRef = 63832F4725611423009A66CD /* HomeViewController.swift */; };
		63832F4B25611423009A66CD /* Main.storyboard in Resources */ = {isa = PBXBuildFile; fileRef = 63832F4925611423009A66CD /* Main.storyboard */; };
		63832F4D2561142B009A66CD /* Assets.xcassets in Resources */ = {isa = PBXBuildFile; fileRef = 63832F4C2561142B009A66CD /* Assets.xcassets */; };
		63832F502561142B009A66CD /* LaunchScreen.storyboard in Resources */ = {isa = PBXBuildFile; fileRef = 63832F4E2561142B009A66CD /* LaunchScreen.storyboard */; };
		63832F632561233E009A66CD /* NotificationsViewController.swift in Sources */ = {isa = PBXBuildFile; fileRef = 63832F622561233E009A66CD /* NotificationsViewController.swift */; };
		63832F652561234D009A66CD /* CameraViewController.swift in Sources */ = {isa = PBXBuildFile; fileRef = 63832F642561234D009A66CD /* CameraViewController.swift */; };
		63832F6725612357009A66CD /* ProfileViewController.swift in Sources */ = {isa = PBXBuildFile; fileRef = 63832F6625612357009A66CD /* ProfileViewController.swift */; };
		63832F6A256123A4009A66CD /* ExploreViewController.swift in Sources */ = {isa = PBXBuildFile; fileRef = 63832F69256123A4009A66CD /* ExploreViewController.swift */; };
		63832F6E25612419009A66CD /* LoginViewController.swift in Sources */ = {isa = PBXBuildFile; fileRef = 63832F6D25612419009A66CD /* LoginViewController.swift */; };
		63832F7025612422009A66CD /* RegisterViewController.swift in Sources */ = {isa = PBXBuildFile; fileRef = 63832F6F25612422009A66CD /* RegisterViewController.swift */; };
		63832F7225612481009A66CD /* PostViewController.swift in Sources */ = {isa = PBXBuildFile; fileRef = 63832F7125612481009A66CD /* PostViewController.swift */; };
		63832F7425612491009A66CD /* EditProfileViewController.swift in Sources */ = {isa = PBXBuildFile; fileRef = 63832F7325612491009A66CD /* EditProfileViewController.swift */; };
		63832F762561249B009A66CD /* SettingsViewController.swift in Sources */ = {isa = PBXBuildFile; fileRef = 63832F752561249B009A66CD /* SettingsViewController.swift */; };
		63832F78256124D8009A66CD /* ListViewController.swift in Sources */ = {isa = PBXBuildFile; fileRef = 63832F77256124D8009A66CD /* ListViewController.swift */; };
		63832F7A256124DF009A66CD /* SearchViewController.swift in Sources */ = {isa = PBXBuildFile; fileRef = 63832F79256124DF009A66CD /* SearchViewController.swift */; };
		63832F7E25612505009A66CD /* SearchResultViewController.swift in Sources */ = {isa = PBXBuildFile; fileRef = 63832F7D25612505009A66CD /* SearchResultViewController.swift */; };
		63832F802561253E009A66CD /* PostEditorViewController.swift in Sources */ = {isa = PBXBuildFile; fileRef = 63832F7F2561253E009A66CD /* PostEditorViewController.swift */; };
		63832F8225612546009A66CD /* PublishPostViewController.swift in Sources */ = {isa = PBXBuildFile; fileRef = 63832F8125612546009A66CD /* PublishPostViewController.swift */; };
		63832F8425613E6D009A66CD /* GoogleService-Info.plist in Resources */ = {isa = PBXBuildFile; fileRef = 63832F8325613E6C009A66CD /* GoogleService-Info.plist */; };
		63D25145256CF38000DB6109 /* Models.swift in Sources */ = {isa = PBXBuildFile; fileRef = 63D25144256CF38000DB6109 /* Models.swift */; };
		63DA36EE256159DD00D71E84 /* DatabaseManager.swift in Sources */ = {isa = PBXBuildFile; fileRef = 63DA36ED256159DD00D71E84 /* DatabaseManager.swift */; };
		63DA36F025616D6000D71E84 /* AuthManager.swift in Sources */ = {isa = PBXBuildFile; fileRef = 63DA36EF25616D6000D71E84 /* AuthManager.swift */; };
		63DA36F225616DB900D71E84 /* StorageManager.swift in Sources */ = {isa = PBXBuildFile; fileRef = 63DA36F125616DB900D71E84 /* StorageManager.swift */; };
		63DE518F25695D44004A45EA /* FormTableViewCell.swift in Sources */ = {isa = PBXBuildFile; fileRef = 63DE518E25695D44004A45EA /* FormTableViewCell.swift */; };
/* End PBXBuildFile section */

/* Begin PBXFileReference section */
		6333675325629119006350E0 /* Extensions.swift */ = {isa = PBXFileReference; lastKnownFileType = sourcecode.swift; path = Extensions.swift; sourceTree = "<group>"; };
		6344826D256C1C2200C2E361 /* PhotoCollectionViewCell.swift */ = {isa = PBXFileReference; lastKnownFileType = sourcecode.swift; path = PhotoCollectionViewCell.swift; sourceTree = "<group>"; };
		6344826F256C1C9F00C2E361 /* ProfileInfoHeaderCollectionReusableView.swift */ = {isa = PBXFileReference; lastKnownFileType = sourcecode.swift; path = ProfileInfoHeaderCollectionReusableView.swift; sourceTree = "<group>"; };
		63448271256C1CD000C2E361 /* ProfileTabsCollectionReusableView.swift */ = {isa = PBXFileReference; lastKnownFileType = sourcecode.swift; path = ProfileTabsCollectionReusableView.swift; sourceTree = "<group>"; };
		635EA2E325682EBA00D8C1D9 /* IGFeedPostTableViewCell.swift */ = {isa = PBXFileReference; lastKnownFileType = sourcecode.swift; path = IGFeedPostTableViewCell.swift; sourceTree = "<group>"; };
		635EA2E52568383700D8C1D9 /* IGFeedPostHeaderTableViewCell.swift */ = {isa = PBXFileReference; lastKnownFileType = sourcecode.swift; path = IGFeedPostHeaderTableViewCell.swift; sourceTree = "<group>"; };
		635EA2E92568385B00D8C1D9 /* IGFeedPostActionsTableViewCell.swift */ = {isa = PBXFileReference; lastKnownFileType = sourcecode.swift; path = IGFeedPostActionsTableViewCell.swift; sourceTree = "<group>"; };
		635EA2EB2568387000D8C1D9 /* IGFeedPostGeneralTableViewCell.swift */ = {isa = PBXFileReference; lastKnownFileType = sourcecode.swift; path = IGFeedPostGeneralTableViewCell.swift; sourceTree = "<group>"; };
		63832F4025611423009A66CD /* Cragbook.app */ = {isa = PBXFileReference; explicitFileType = wrapper.application; includeInIndex = 0; path = Cragbook.app; sourceTree = BUILT_PRODUCTS_DIR; };
		63832F4325611423009A66CD /* AppDelegate.swift */ = {isa = PBXFileReference; lastKnownFileType = sourcecode.swift; path = AppDelegate.swift; sourceTree = "<group>"; };
		63832F4525611423009A66CD /* SceneDelegate.swift */ = {isa = PBXFileReference; lastKnownFileType = sourcecode.swift; path = SceneDelegate.swift; sourceTree = "<group>"; };
		63832F4725611423009A66CD /* HomeViewController.swift */ = {isa = PBXFileReference; lastKnownFileType = sourcecode.swift; path = HomeViewController.swift; sourceTree = "<group>"; };
		63832F4A25611423009A66CD /* Base */ = {isa = PBXFileReference; lastKnownFileType = file.storyboard; name = Base; path = Base.lproj/Main.storyboard; sourceTree = "<group>"; };
		63832F4C2561142B009A66CD /* Assets.xcassets */ = {isa = PBXFileReference; lastKnownFileType = folder.assetcatalog; path = Assets.xcassets; sourceTree = "<group>"; };
		63832F4F2561142B009A66CD /* Base */ = {isa = PBXFileReference; lastKnownFileType = file.storyboard; name = Base; path = Base.lproj/LaunchScreen.storyboard; sourceTree = "<group>"; };
		63832F512561142B009A66CD /* Info.plist */ = {isa = PBXFileReference; lastKnownFileType = text.plist.xml; path = Info.plist; sourceTree = "<group>"; };
		63832F622561233E009A66CD /* NotificationsViewController.swift */ = {isa = PBXFileReference; lastKnownFileType = sourcecode.swift; path = NotificationsViewController.swift; sourceTree = "<group>"; };
		63832F642561234D009A66CD /* CameraViewController.swift */ = {isa = PBXFileReference; lastKnownFileType = sourcecode.swift; path = CameraViewController.swift; sourceTree = "<group>"; };
		63832F6625612357009A66CD /* ProfileViewController.swift */ = {isa = PBXFileReference; lastKnownFileType = sourcecode.swift; path = ProfileViewController.swift; sourceTree = "<group>"; };
		63832F69256123A4009A66CD /* ExploreViewController.swift */ = {isa = PBXFileReference; lastKnownFileType = sourcecode.swift; path = ExploreViewController.swift; sourceTree = "<group>"; };
		63832F6D25612419009A66CD /* LoginViewController.swift */ = {isa = PBXFileReference; lastKnownFileType = sourcecode.swift; path = LoginViewController.swift; sourceTree = "<group>"; };
		63832F6F25612422009A66CD /* RegisterViewController.swift */ = {isa = PBXFileReference; lastKnownFileType = sourcecode.swift; path = RegisterViewController.swift; sourceTree = "<group>"; };
		63832F7125612481009A66CD /* PostViewController.swift */ = {isa = PBXFileReference; lastKnownFileType = sourcecode.swift; path = PostViewController.swift; sourceTree = "<group>"; };
		63832F7325612491009A66CD /* EditProfileViewController.swift */ = {isa = PBXFileReference; lastKnownFileType = sourcecode.swift; path = EditProfileViewController.swift; sourceTree = "<group>"; };
		63832F752561249B009A66CD /* SettingsViewController.swift */ = {isa = PBXFileReference; lastKnownFileType = sourcecode.swift; path = SettingsViewController.swift; sourceTree = "<group>"; };
		63832F77256124D8009A66CD /* ListViewController.swift */ = {isa = PBXFileReference; lastKnownFileType = sourcecode.swift; path = ListViewController.swift; sourceTree = "<group>"; };
		63832F79256124DF009A66CD /* SearchViewController.swift */ = {isa = PBXFileReference; lastKnownFileType = sourcecode.swift; path = SearchViewController.swift; sourceTree = "<group>"; };
		63832F7D25612505009A66CD /* SearchResultViewController.swift */ = {isa = PBXFileReference; lastKnownFileType = sourcecode.swift; path = SearchResultViewController.swift; sourceTree = "<group>"; };
		63832F7F2561253E009A66CD /* PostEditorViewController.swift */ = {isa = PBXFileReference; lastKnownFileType = sourcecode.swift; path = PostEditorViewController.swift; sourceTree = "<group>"; };
		63832F8125612546009A66CD /* PublishPostViewController.swift */ = {isa = PBXFileReference; lastKnownFileType = sourcecode.swift; path = PublishPostViewController.swift; sourceTree = "<group>"; };
		63832F8325613E6C009A66CD /* GoogleService-Info.plist */ = {isa = PBXFileReference; fileEncoding = 4; lastKnownFileType = text.plist.xml; path = "GoogleService-Info.plist"; sourceTree = "<group>"; };
		63D25144256CF38000DB6109 /* Models.swift */ = {isa = PBXFileReference; lastKnownFileType = sourcecode.swift; path = Models.swift; sourceTree = "<group>"; };
		63DA36ED256159DD00D71E84 /* DatabaseManager.swift */ = {isa = PBXFileReference; lastKnownFileType = sourcecode.swift; path = DatabaseManager.swift; sourceTree = "<group>"; };
		63DA36EF25616D6000D71E84 /* AuthManager.swift */ = {isa = PBXFileReference; lastKnownFileType = sourcecode.swift; path = AuthManager.swift; sourceTree = "<group>"; };
		63DA36F125616DB900D71E84 /* StorageManager.swift */ = {isa = PBXFileReference; lastKnownFileType = sourcecode.swift; path = StorageManager.swift; sourceTree = "<group>"; };
		63DE518E25695D44004A45EA /* FormTableViewCell.swift */ = {isa = PBXFileReference; lastKnownFileType = sourcecode.swift; path = FormTableViewCell.swift; sourceTree = "<group>"; };
		6F4AD95948732075709DA6F3 /* Pods-Cragbook.release.xcconfig */ = {isa = PBXFileReference; includeInIndex = 1; lastKnownFileType = text.xcconfig; name = "Pods-Cragbook.release.xcconfig"; path = "Target Support Files/Pods-Cragbook/Pods-Cragbook.release.xcconfig"; sourceTree = "<group>"; };
		D6B5C346FD0C62E18C97CCDC /* Pods_Cragbook.framework */ = {isa = PBXFileReference; explicitFileType = wrapper.framework; includeInIndex = 0; path = Pods_Cragbook.framework; sourceTree = BUILT_PRODUCTS_DIR; };
		F0FE55C985715AF65CF70D23 /* Pods-Cragbook.debug.xcconfig */ = {isa = PBXFileReference; includeInIndex = 1; lastKnownFileType = text.xcconfig; name = "Pods-Cragbook.debug.xcconfig"; path = "Target Support Files/Pods-Cragbook/Pods-Cragbook.debug.xcconfig"; sourceTree = "<group>"; };
/* End PBXFileReference section */

/* Begin PBXFrameworksBuildPhase section */
		63832F3D25611423009A66CD /* Frameworks */ = {
			isa = PBXFrameworksBuildPhase;
			buildActionMask = 2147483647;
			files = (
				2ABC2EB7EAEC6A34CE429E0B /* Pods_Cragbook.framework in Frameworks */,
			);
			runOnlyForDeploymentPostprocessing = 0;
		};
/* End PBXFrameworksBuildPhase section */

/* Begin PBXGroup section */
		6344826C256C1BD000C2E361 /* CollectionView Headers */ = {
			isa = PBXGroup;
			children = (
				6344826F256C1C9F00C2E361 /* ProfileInfoHeaderCollectionReusableView.swift */,
				63448271256C1CD000C2E361 /* ProfileTabsCollectionReusableView.swift */,
			);
			path = "CollectionView Headers";
			sourceTree = "<group>";
		};
		635EA2E225682E8500D8C1D9 /* Cells */ = {
			isa = PBXGroup;
			children = (
				635EA2ED2568387500D8C1D9 /* Home Feed */,
				63DE518E25695D44004A45EA /* FormTableViewCell.swift */,
				6344826D256C1C2200C2E361 /* PhotoCollectionViewCell.swift */,
			);
			path = Cells;
			sourceTree = "<group>";
		};
		635EA2ED2568387500D8C1D9 /* Home Feed */ = {
			isa = PBXGroup;
			children = (
				635EA2E325682EBA00D8C1D9 /* IGFeedPostTableViewCell.swift */,
				635EA2E52568383700D8C1D9 /* IGFeedPostHeaderTableViewCell.swift */,
				635EA2E92568385B00D8C1D9 /* IGFeedPostActionsTableViewCell.swift */,
				635EA2EB2568387000D8C1D9 /* IGFeedPostGeneralTableViewCell.swift */,
			);
			path = "Home Feed";
			sourceTree = "<group>";
		};
		63832F3725611423009A66CD = {
			isa = PBXGroup;
			children = (
				63832F4225611423009A66CD /* Cragbook */,
				63832F4125611423009A66CD /* Products */,
				9871641F8CAAA497327437F4 /* Pods */,
				6AB27A3FAA8B0B1C5615A11E /* Frameworks */,
			);
			sourceTree = "<group>";
		};
		63832F4125611423009A66CD /* Products */ = {
			isa = PBXGroup;
			children = (
				63832F4025611423009A66CD /* Cragbook.app */,
			);
			name = Products;
			sourceTree = "<group>";
		};
		63832F4225611423009A66CD /* Cragbook */ = {
			isa = PBXGroup;
			children = (
				63832F5A25611AE8009A66CD /* Resources */,
				63832F5725611ACB009A66CD /* Models */,
				63832F5825611AD2009A66CD /* Views */,
				63832F5925611AD7009A66CD /* Controllers */,
				63832F512561142B009A66CD /* Info.plist */,
			);
			path = Cragbook;
			sourceTree = "<group>";
		};
		63832F5725611ACB009A66CD /* Models */ = {
			isa = PBXGroup;
			children = (
				63D25144256CF38000DB6109 /* Models.swift */,
			);
			path = Models;
			sourceTree = "<group>";
		};
		63832F5825611AD2009A66CD /* Views */ = {
			isa = PBXGroup;
			children = (
				6344826C256C1BD000C2E361 /* CollectionView Headers */,
				635EA2E225682E8500D8C1D9 /* Cells */,
				63832F4C2561142B009A66CD /* Assets.xcassets */,
				63832F5B25611B11009A66CD /* Storyboards */,
			);
			path = Views;
			sourceTree = "<group>";
		};
		63832F5925611AD7009A66CD /* Controllers */ = {
			isa = PBXGroup;
			children = (
				63832F6825612360009A66CD /* Core Tabs */,
				63832F6B256123F3009A66CD /* Other */,
			);
			path = Controllers;
			sourceTree = "<group>";
		};
		63832F5A25611AE8009A66CD /* Resources */ = {
			isa = PBXGroup;
			children = (
				63832F8325613E6C009A66CD /* GoogleService-Info.plist */,
				63832F4325611423009A66CD /* AppDelegate.swift */,
				63832F4525611423009A66CD /* SceneDelegate.swift */,
				63DA36ED256159DD00D71E84 /* DatabaseManager.swift */,
				63DA36F125616DB900D71E84 /* StorageManager.swift */,
				63DA36EF25616D6000D71E84 /* AuthManager.swift */,
				6333675325629119006350E0 /* Extensions.swift */,
			);
			path = Resources;
			sourceTree = "<group>";
		};
		63832F5B25611B11009A66CD /* Storyboards */ = {
			isa = PBXGroup;
			children = (
				63832F4925611423009A66CD /* Main.storyboard */,
				63832F4E2561142B009A66CD /* LaunchScreen.storyboard */,
			);
			path = Storyboards;
			sourceTree = "<group>";
		};
		63832F6825612360009A66CD /* Core Tabs */ = {
			isa = PBXGroup;
			children = (
				63832F4725611423009A66CD /* HomeViewController.swift */,
				63832F69256123A4009A66CD /* ExploreViewController.swift */,
				63832F642561234D009A66CD /* CameraViewController.swift */,
				63832F622561233E009A66CD /* NotificationsViewController.swift */,
				63832F6625612357009A66CD /* ProfileViewController.swift */,
			);
			path = "Core Tabs";
			sourceTree = "<group>";
		};
		63832F6B256123F3009A66CD /* Other */ = {
			isa = PBXGroup;
			children = (
				63832F6C256123F8009A66CD /* Onboarding */,
				63DA36EC2561515400D71E84 /* General */,
			);
			path = Other;
			sourceTree = "<group>";
		};
		63832F6C256123F8009A66CD /* Onboarding */ = {
			isa = PBXGroup;
			children = (
				63832F6D25612419009A66CD /* LoginViewController.swift */,
				63832F6F25612422009A66CD /* RegisterViewController.swift */,
			);
			path = Onboarding;
			sourceTree = "<group>";
		};
		63DA36EC2561515400D71E84 /* General */ = {
			isa = PBXGroup;
			children = (
				63832F752561249B009A66CD /* SettingsViewController.swift */,
				63832F7125612481009A66CD /* PostViewController.swift */,
				63832F7325612491009A66CD /* EditProfileViewController.swift */,
				63832F77256124D8009A66CD /* ListViewController.swift */,
				63832F79256124DF009A66CD /* SearchViewController.swift */,
				63832F7D25612505009A66CD /* SearchResultViewController.swift */,
				63832F7F2561253E009A66CD /* PostEditorViewController.swift */,
				63832F8125612546009A66CD /* PublishPostViewController.swift */,
			);
			path = General;
			sourceTree = "<group>";
		};
		6AB27A3FAA8B0B1C5615A11E /* Frameworks */ = {
			isa = PBXGroup;
			children = (
				D6B5C346FD0C62E18C97CCDC /* Pods_Cragbook.framework */,
			);
			name = Frameworks;
			sourceTree = "<group>";
		};
		9871641F8CAAA497327437F4 /* Pods */ = {
			isa = PBXGroup;
			children = (
				F0FE55C985715AF65CF70D23 /* Pods-Cragbook.debug.xcconfig */,
				6F4AD95948732075709DA6F3 /* Pods-Cragbook.release.xcconfig */,
			);
			path = Pods;
			sourceTree = "<group>";
		};
/* End PBXGroup section */

/* Begin PBXNativeTarget section */
		63832F3F25611423009A66CD /* Cragbook */ = {
			isa = PBXNativeTarget;
			buildConfigurationList = 63832F542561142B009A66CD /* Build configuration list for PBXNativeTarget "Cragbook" */;
			buildPhases = (
				01A5DA5FBC5F63C7CC70152D /* [CP] Check Pods Manifest.lock */,
				63832F3C25611423009A66CD /* Sources */,
				63832F3D25611423009A66CD /* Frameworks */,
				63832F3E25611423009A66CD /* Resources */,
				5BDCD196037099F99EBAFD62 /* [CP] Embed Pods Frameworks */,
			);
			buildRules = (
			);
			dependencies = (
			);
			name = Cragbook;
			productName = Cragbook;
			productReference = 63832F4025611423009A66CD /* Cragbook.app */;
			productType = "com.apple.product-type.application";
		};
/* End PBXNativeTarget section */

/* Begin PBXProject section */
		63832F3825611423009A66CD /* Project object */ = {
			isa = PBXProject;
			attributes = {
				LastSwiftUpdateCheck = 1160;
				LastUpgradeCheck = 1160;
				ORGANIZATIONNAME = "Ben Williams";
				TargetAttributes = {
					63832F3F25611423009A66CD = {
						CreatedOnToolsVersion = 11.6;
					};
				};
			};
			buildConfigurationList = 63832F3B25611423009A66CD /* Build configuration list for PBXProject "Cragbook" */;
			compatibilityVersion = "Xcode 9.3";
			developmentRegion = en;
			hasScannedForEncodings = 0;
			knownRegions = (
				en,
				Base,
			);
			mainGroup = 63832F3725611423009A66CD;
			productRefGroup = 63832F4125611423009A66CD /* Products */;
			projectDirPath = "";
			projectRoot = "";
			targets = (
				63832F3F25611423009A66CD /* Cragbook */,
			);
		};
/* End PBXProject section */

/* Begin PBXResourcesBuildPhase section */
		63832F3E25611423009A66CD /* Resources */ = {
			isa = PBXResourcesBuildPhase;
			buildActionMask = 2147483647;
			files = (
				63832F8425613E6D009A66CD /* GoogleService-Info.plist in Resources */,
				63832F502561142B009A66CD /* LaunchScreen.storyboard in Resources */,
				63832F4D2561142B009A66CD /* Assets.xcassets in Resources */,
				63832F4B25611423009A66CD /* Main.storyboard in Resources */,
			);
			runOnlyForDeploymentPostprocessing = 0;
		};
/* End PBXResourcesBuildPhase section */

/* Begin PBXShellScriptBuildPhase section */
		01A5DA5FBC5F63C7CC70152D /* [CP] Check Pods Manifest.lock */ = {
			isa = PBXShellScriptBuildPhase;
			buildActionMask = 2147483647;
			files = (
			);
			inputFileListPaths = (
			);
			inputPaths = (
				"${PODS_PODFILE_DIR_PATH}/Podfile.lock",
				"${PODS_ROOT}/Manifest.lock",
			);
			name = "[CP] Check Pods Manifest.lock";
			outputFileListPaths = (
			);
			outputPaths = (
				"$(DERIVED_FILE_DIR)/Pods-Cragbook-checkManifestLockResult.txt",
			);
			runOnlyForDeploymentPostprocessing = 0;
			shellPath = /bin/sh;
			shellScript = "diff \"${PODS_PODFILE_DIR_PATH}/Podfile.lock\" \"${PODS_ROOT}/Manifest.lock\" > /dev/null\nif [ $? != 0 ] ; then\n    # print error to STDERR\n    echo \"error: The sandbox is not in sync with the Podfile.lock. Run 'pod install' or update your CocoaPods installation.\" >&2\n    exit 1\nfi\n# This output is used by Xcode 'outputs' to avoid re-running this script phase.\necho \"SUCCESS\" > \"${SCRIPT_OUTPUT_FILE_0}\"\n";
			showEnvVarsInLog = 0;
		};
		5BDCD196037099F99EBAFD62 /* [CP] Embed Pods Frameworks */ = {
			isa = PBXShellScriptBuildPhase;
			buildActionMask = 2147483647;
			files = (
			);
			inputFileListPaths = (
				"${PODS_ROOT}/Target Support Files/Pods-Cragbook/Pods-Cragbook-frameworks-${CONFIGURATION}-input-files.xcfilelist",
			);
			name = "[CP] Embed Pods Frameworks";
			outputFileListPaths = (
				"${PODS_ROOT}/Target Support Files/Pods-Cragbook/Pods-Cragbook-frameworks-${CONFIGURATION}-output-files.xcfilelist",
			);
			runOnlyForDeploymentPostprocessing = 0;
			shellPath = /bin/sh;
			shellScript = "\"${PODS_ROOT}/Target Support Files/Pods-Cragbook/Pods-Cragbook-frameworks.sh\"\n";
			showEnvVarsInLog = 0;
		};
/* End PBXShellScriptBuildPhase section */

/* Begin PBXSourcesBuildPhase section */
		63832F3C25611423009A66CD /* Sources */ = {
			isa = PBXSourcesBuildPhase;
			buildActionMask = 2147483647;
			files = (
				63832F7425612491009A66CD /* EditProfileViewController.swift in Sources */,
				63832F7025612422009A66CD /* RegisterViewController.swift in Sources */,
				63832F8225612546009A66CD /* PublishPostViewController.swift in Sources */,
				63832F632561233E009A66CD /* NotificationsViewController.swift in Sources */,
				63832F4825611423009A66CD /* HomeViewController.swift in Sources */,
				63832F4425611423009A66CD /* AppDelegate.swift in Sources */,
				635EA2E62568383700D8C1D9 /* IGFeedPostHeaderTableViewCell.swift in Sources */,
				63832F802561253E009A66CD /* PostEditorViewController.swift in Sources */,
				63DA36F225616DB900D71E84 /* StorageManager.swift in Sources */,
				63D25145256CF38000DB6109 /* Models.swift in Sources */,
				63DE518F25695D44004A45EA /* FormTableViewCell.swift in Sources */,
				63832F7225612481009A66CD /* PostViewController.swift in Sources */,
				63448272256C1CD000C2E361 /* ProfileTabsCollectionReusableView.swift in Sources */,
				63DA36EE256159DD00D71E84 /* DatabaseManager.swift in Sources */,
				63832F6725612357009A66CD /* ProfileViewController.swift in Sources */,
				635EA2E425682EBA00D8C1D9 /* IGFeedPostTableViewCell.swift in Sources */,
				6344826E256C1C2200C2E361 /* PhotoCollectionViewCell.swift in Sources */,
				63832F7E25612505009A66CD /* SearchResultViewController.swift in Sources */,
				63832F6E25612419009A66CD /* LoginViewController.swift in Sources */,
				6333675425629119006350E0 /* Extensions.swift in Sources */,
				635EA2EC2568387000D8C1D9 /* IGFeedPostGeneralTableViewCell.swift in Sources */,
				63832F7A256124DF009A66CD /* SearchViewController.swift in Sources */,
				63448270256C1C9F00C2E361 /* ProfileInfoHeaderCollectionReusableView.swift in Sources */,
				63832F4625611423009A66CD /* SceneDelegate.swift in Sources */,
				63DA36F025616D6000D71E84 /* AuthManager.swift in Sources */,
				63832F6A256123A4009A66CD /* ExploreViewController.swift in Sources */,
				63832F652561234D009A66CD /* CameraViewController.swift in Sources */,
				635EA2EA2568385B00D8C1D9 /* IGFeedPostActionsTableViewCell.swift in Sources */,
				63832F78256124D8009A66CD /* ListViewController.swift in Sources */,
				63832F762561249B009A66CD /* SettingsViewController.swift in Sources */,
			);
			runOnlyForDeploymentPostprocessing = 0;
		};
/* End PBXSourcesBuildPhase section */

/* Begin PBXVariantGroup section */
		63832F4925611423009A66CD /* Main.storyboard */ = {
			isa = PBXVariantGroup;
			children = (
				63832F4A25611423009A66CD /* Base */,
			);
			name = Main.storyboard;
			sourceTree = "<group>";
		};
		63832F4E2561142B009A66CD /* LaunchScreen.storyboard */ = {
			isa = PBXVariantGroup;
			children = (
				63832F4F2561142B009A66CD /* Base */,
			);
			name = LaunchScreen.storyboard;
			sourceTree = "<group>";
		};
/* End PBXVariantGroup section */

/* Begin XCBuildConfiguration section */
		63832F522561142B009A66CD /* Debug */ = {
			isa = XCBuildConfiguration;
			buildSettings = {
				ALWAYS_SEARCH_USER_PATHS = NO;
				CLANG_ANALYZER_NONNULL = YES;
				CLANG_ANALYZER_NUMBER_OBJECT_CONVERSION = YES_AGGRESSIVE;
				CLANG_CXX_LANGUAGE_STANDARD = "gnu++14";
				CLANG_CXX_LIBRARY = "libc++";
				CLANG_ENABLE_MODULES = YES;
				CLANG_ENABLE_OBJC_ARC = YES;
				CLANG_ENABLE_OBJC_WEAK = YES;
				CLANG_WARN_BLOCK_CAPTURE_AUTORELEASING = YES;
				CLANG_WARN_BOOL_CONVERSION = YES;
				CLANG_WARN_COMMA = YES;
				CLANG_WARN_CONSTANT_CONVERSION = YES;
				CLANG_WARN_DEPRECATED_OBJC_IMPLEMENTATIONS = YES;
				CLANG_WARN_DIRECT_OBJC_ISA_USAGE = YES_ERROR;
				CLANG_WARN_DOCUMENTATION_COMMENTS = YES;
				CLANG_WARN_EMPTY_BODY = YES;
				CLANG_WARN_ENUM_CONVERSION = YES;
				CLANG_WARN_INFINITE_RECURSION = YES;
				CLANG_WARN_INT_CONVERSION = YES;
				CLANG_WARN_NON_LITERAL_NULL_CONVERSION = YES;
				CLANG_WARN_OBJC_IMPLICIT_RETAIN_SELF = YES;
				CLANG_WARN_OBJC_LITERAL_CONVERSION = YES;
				CLANG_WARN_OBJC_ROOT_CLASS = YES_ERROR;
				CLANG_WARN_RANGE_LOOP_ANALYSIS = YES;
				CLANG_WARN_STRICT_PROTOTYPES = YES;
				CLANG_WARN_SUSPICIOUS_MOVE = YES;
				CLANG_WARN_UNGUARDED_AVAILABILITY = YES_AGGRESSIVE;
				CLANG_WARN_UNREACHABLE_CODE = YES;
				CLANG_WARN__DUPLICATE_METHOD_MATCH = YES;
				COPY_PHASE_STRIP = NO;
				DEBUG_INFORMATION_FORMAT = dwarf;
				ENABLE_STRICT_OBJC_MSGSEND = YES;
				ENABLE_TESTABILITY = YES;
				GCC_C_LANGUAGE_STANDARD = gnu11;
				GCC_DYNAMIC_NO_PIC = NO;
				GCC_NO_COMMON_BLOCKS = YES;
				GCC_OPTIMIZATION_LEVEL = 0;
				GCC_PREPROCESSOR_DEFINITIONS = (
					"DEBUG=1",
					"$(inherited)",
				);
				GCC_WARN_64_TO_32_BIT_CONVERSION = YES;
				GCC_WARN_ABOUT_RETURN_TYPE = YES_ERROR;
				GCC_WARN_UNDECLARED_SELECTOR = YES;
				GCC_WARN_UNINITIALIZED_AUTOS = YES_AGGRESSIVE;
				GCC_WARN_UNUSED_FUNCTION = YES;
				GCC_WARN_UNUSED_VARIABLE = YES;
				IPHONEOS_DEPLOYMENT_TARGET = 13.6;
				MTL_ENABLE_DEBUG_INFO = INCLUDE_SOURCE;
				MTL_FAST_MATH = YES;
				ONLY_ACTIVE_ARCH = YES;
				SDKROOT = iphoneos;
				SWIFT_ACTIVE_COMPILATION_CONDITIONS = DEBUG;
				SWIFT_OPTIMIZATION_LEVEL = "-Onone";
			};
			name = Debug;
		};
		63832F532561142B009A66CD /* Release */ = {
			isa = XCBuildConfiguration;
			buildSettings = {
				ALWAYS_SEARCH_USER_PATHS = NO;
				CLANG_ANALYZER_NONNULL = YES;
				CLANG_ANALYZER_NUMBER_OBJECT_CONVERSION = YES_AGGRESSIVE;
				CLANG_CXX_LANGUAGE_STANDARD = "gnu++14";
				CLANG_CXX_LIBRARY = "libc++";
				CLANG_ENABLE_MODULES = YES;
				CLANG_ENABLE_OBJC_ARC = YES;
				CLANG_ENABLE_OBJC_WEAK = YES;
				CLANG_WARN_BLOCK_CAPTURE_AUTORELEASING = YES;
				CLANG_WARN_BOOL_CONVERSION = YES;
				CLANG_WARN_COMMA = YES;
				CLANG_WARN_CONSTANT_CONVERSION = YES;
				CLANG_WARN_DEPRECATED_OBJC_IMPLEMENTATIONS = YES;
				CLANG_WARN_DIRECT_OBJC_ISA_USAGE = YES_ERROR;
				CLANG_WARN_DOCUMENTATION_COMMENTS = YES;
				CLANG_WARN_EMPTY_BODY = YES;
				CLANG_WARN_ENUM_CONVERSION = YES;
				CLANG_WARN_INFINITE_RECURSION = YES;
				CLANG_WARN_INT_CONVERSION = YES;
				CLANG_WARN_NON_LITERAL_NULL_CONVERSION = YES;
				CLANG_WARN_OBJC_IMPLICIT_RETAIN_SELF = YES;
				CLANG_WARN_OBJC_LITERAL_CONVERSION = YES;
				CLANG_WARN_OBJC_ROOT_CLASS = YES_ERROR;
				CLANG_WARN_RANGE_LOOP_ANALYSIS = YES;
				CLANG_WARN_STRICT_PROTOTYPES = YES;
				CLANG_WARN_SUSPICIOUS_MOVE = YES;
				CLANG_WARN_UNGUARDED_AVAILABILITY = YES_AGGRESSIVE;
				CLANG_WARN_UNREACHABLE_CODE = YES;
				CLANG_WARN__DUPLICATE_METHOD_MATCH = YES;
				COPY_PHASE_STRIP = NO;
				DEBUG_INFORMATION_FORMAT = "dwarf-with-dsym";
				ENABLE_NS_ASSERTIONS = NO;
				ENABLE_STRICT_OBJC_MSGSEND = YES;
				GCC_C_LANGUAGE_STANDARD = gnu11;
				GCC_NO_COMMON_BLOCKS = YES;
				GCC_WARN_64_TO_32_BIT_CONVERSION = YES;
				GCC_WARN_ABOUT_RETURN_TYPE = YES_ERROR;
				GCC_WARN_UNDECLARED_SELECTOR = YES;
				GCC_WARN_UNINITIALIZED_AUTOS = YES_AGGRESSIVE;
				GCC_WARN_UNUSED_FUNCTION = YES;
				GCC_WARN_UNUSED_VARIABLE = YES;
				IPHONEOS_DEPLOYMENT_TARGET = 13.6;
				MTL_ENABLE_DEBUG_INFO = NO;
				MTL_FAST_MATH = YES;
				SDKROOT = iphoneos;
				SWIFT_COMPILATION_MODE = wholemodule;
				SWIFT_OPTIMIZATION_LEVEL = "-O";
				VALIDATE_PRODUCT = YES;
			};
			name = Release;
		};
		63832F552561142B009A66CD /* Debug */ = {
			isa = XCBuildConfiguration;
			baseConfigurationReference = F0FE55C985715AF65CF70D23 /* Pods-Cragbook.debug.xcconfig */;
			buildSettings = {
				ASSETCATALOG_COMPILER_APPICON_NAME = AppIcon;
				CODE_SIGN_STYLE = Automatic;
				DEVELOPMENT_TEAM = UF8K35X7PL;
				INFOPLIST_FILE = Cragbook/info.plist;
				IPHONEOS_DEPLOYMENT_TARGET = 13.0;
				LD_RUNPATH_SEARCH_PATHS = (
					"$(inherited)",
					"@executable_path/Frameworks",
				);
				PRODUCT_BUNDLE_IDENTIFIER = co.benwilliams.Cragbook;
				PRODUCT_NAME = "$(TARGET_NAME)";
				SWIFT_VERSION = 5.0;
				TARGETED_DEVICE_FAMILY = "1,2";
			};
			name = Debug;
		};
		63832F562561142B009A66CD /* Release */ = {
			isa = XCBuildConfiguration;
			baseConfigurationReference = 6F4AD95948732075709DA6F3 /* Pods-Cragbook.release.xcconfig */;
			buildSettings = {
				ASSETCATALOG_COMPILER_APPICON_NAME = AppIcon;
				CODE_SIGN_STYLE = Automatic;
				DEVELOPMENT_TEAM = UF8K35X7PL;
				INFOPLIST_FILE = Cragbook/info.plist;
				IPHONEOS_DEPLOYMENT_TARGET = 13.0;
				LD_RUNPATH_SEARCH_PATHS = (
					"$(inherited)",
					"@executable_path/Frameworks",
				);
				PRODUCT_BUNDLE_IDENTIFIER = co.benwilliams.Cragbook;
				PRODUCT_NAME = "$(TARGET_NAME)";
				SWIFT_VERSION = 5.0;
				TARGETED_DEVICE_FAMILY = "1,2";
			};
			name = Release;
		};
/* End XCBuildConfiguration section */

/* Begin XCConfigurationList section */
		63832F3B25611423009A66CD /* Build configuration list for PBXProject "Cragbook" */ = {
			isa = XCConfigurationList;
			buildConfigurations = (
				63832F522561142B009A66CD /* Debug */,
				63832F532561142B009A66CD /* Release */,
			);
			defaultConfigurationIsVisible = 0;
			defaultConfigurationName = Release;
		};
		63832F542561142B009A66CD /* Build configuration list for PBXNativeTarget "Cragbook" */ = {
			isa = XCConfigurationList;
			buildConfigurations = (
				63832F552561142B009A66CD /* Debug */,
				63832F562561142B009A66CD /* Release */,
			);
			defaultConfigurationIsVisible = 0;
			defaultConfigurationName = Release;
		};
/* End XCConfigurationList section */
	};
	rootObject = 63832F3825611423009A66CD /* Project object */;
}
